
Microsoft Visual Studio Solution File, Format Version 12.00
# Visual Studio Version 17
VisualStudioVersion = 17.14.35906.104 d17.14
MinimumVisualStudioVersion = 10.0.40219.1
Project("{54A90642-561A-4BB1-A94E-469ADEE60C69}") = "inventario.client", "inventario.client\inventario.client.esproj", "{5F427EF5-F683-A269-3D11-B8145A35079D}"
EndProject
Project("{FAE04EC0-301F-11D3-BF4B-00C04F79EFBC}") = "INVENTARIO.Server", "INVENTARIO.Server\INVENTARIO.Server.csproj", "{5969CE0E-6F9C-4A26-8334-B0326442641D}"
EndProject
Global
	GlobalSection(SolutionConfigurationPlatforms) = preSolution
		Debug|Any CPU = Debug|Any CPU
		Release|Any CPU = Release|Any CPU
	EndGlobalSection
	GlobalSection(ProjectConfigurationPlatforms) = postSolution
		{5F427EF5-F683-A269-3D11-B8145A35079D}.Debug|Any CPU.ActiveCfg = Debug|Any CPU
		{5F427EF5-F683-A269-3D11-B8145A35079D}.Debug|Any CPU.Build.0 = Debug|Any CPU
		{5F427EF5-F683-A269-3D11-B8145A35079D}.Debug|Any CPU.Deploy.0 = Debug|Any CPU
		{5F427EF5-F683-A269-3D11-B8145A35079D}.Release|Any CPU.ActiveCfg = Release|Any CPU
		{5F427EF5-F683-A269-3D11-B8145A35079D}.Release|Any CPU.Build.0 = Release|Any CPU
		{5F427EF5-F683-A269-3D11-B8145A35079D}.Release|Any CPU.Deploy.0 = Release|Any CPU
		{5969CE0E-6F9C-4A26-8334-B0326442641D}.Debug|Any CPU.ActiveCfg = Debug|Any CPU
		{5969CE0E-6F9C-4A26-8334-B0326442641D}.Debug|Any CPU.Build.0 = Debug|Any CPU
		{5969CE0E-6F9C-4A26-8334-B0326442641D}.Release|Any CPU.ActiveCfg = Release|Any CPU
		{5969CE0E-6F9C-4A26-8334-B0326442641D}.Release|Any CPU.Build.0 = Release|Any CPU
	EndGlobalSection
	GlobalSection(SolutionProperties) = preSolution
		HideSolutionNode = FALSE
	EndGlobalSection
	GlobalSection(ExtensibilityGlobals) = postSolution
		SolutionGuid = {7E80B684-136B-4793-A8B1-27EF672CD27A}
	EndGlobalSection
EndGlobal
